{
    "version": 3,
    "terraform_version": "0.11.1",
    "serial": 35,
    "lineage": "fa2e1a48-e8b4-4df2-8b66-a88e249bc186",
    "modules": [
        {
            "path": [
                "root"
            ],
            "outputs": {
                "nextcloud_address": {
                    "sensitive": false,
                    "type": "string",
                    "value": "147.135.132.82"
                }
            },
            "resources": {
                "openstack_blockstorage_volume_v2.nextcloud_data": {
                    "type": "openstack_blockstorage_volume_v2",
                    "depends_on": [],
                    "primary": {
                        "id": "eff4f199-ca6c-4405-aa62-fe45cd2dae50",
                        "attributes": {
                            "attachment.#": "0",
                            "availability_zone": "nova",
                            "description": "",
                            "id": "eff4f199-ca6c-4405-aa62-fe45cd2dae50",
                            "metadata.%": "0",
                            "name": "nextcloud_data",
                            "region": "GRA1",
                            "size": "30",
                            "snapshot_id": "",
                            "source_vol_id": "",
                            "volume_type": "classic"
                        },
                        "meta": {
                            "e2bfb730-ecaa-11e6-8f88-34363bc7c4c0": {
                                "create": 600000000000,
                                "delete": 600000000000
                            }
                        },
                        "tainted": false
                    },
                    "deposed": [],
                    "provider": "provider.openstack"
                },
                "openstack_compute_instance_v2.nextcloud": {
                    "type": "openstack_compute_instance_v2",
                    "depends_on": [
                        "openstack_compute_keypair_v2.vbox_linux"
                    ],
                    "primary": {
                        "id": "6e7d3cfd-8649-40f4-85d0-bebd42a60548",
                        "attributes": {
                            "access_ip_v4": "147.135.132.82",
                            "access_ip_v6": "[2001:41d0:302:1000::e:9117]",
                            "all_metadata.%": "0",
                            "availability_zone": "nova",
                            "flavor_id": "98c1e679-5f2c-4069-b4da-4a4f7179b758",
                            "flavor_name": "vps-ssd-1",
                            "force_delete": "false",
                            "id": "6e7d3cfd-8649-40f4-85d0-bebd42a60548",
                            "image_id": "2c6de68a-928f-413d-a048-c1cef1f3a480",
                            "image_name": "Ubuntu 16.04",
                            "key_pair": "vbox_linux",
                            "name": "nextcloud",
                            "network.#": "1",
                            "network.0.access_network": "false",
                            "network.0.fixed_ip_v4": "147.135.132.82",
                            "network.0.fixed_ip_v6": "[2001:41d0:302:1000::e:9117]",
                            "network.0.floating_ip": "",
                            "network.0.mac": "fa:16:3e:41:66:15",
                            "network.0.name": "Ext-Net",
                            "network.0.port": "",
                            "network.0.uuid": "8d3e91fd-c533-418f-8678-4252de201489",
                            "region": "GRA1",
                            "security_groups.#": "1",
                            "security_groups.3814588639": "default",
                            "stop_before_destroy": "false",
                            "user_data": "560a0da73ec0b3ca9c86bdab916f8e8e4df54f85"
                        },
                        "meta": {
                            "e2bfb730-ecaa-11e6-8f88-34363bc7c4c0": {
                                "create": 1800000000000,
                                "delete": 1800000000000,
                                "update": 1800000000000
                            }
                        },
                        "tainted": false
                    },
                    "deposed": [],
                    "provider": "provider.openstack"
                },
                "openstack_compute_keypair_v2.vbox_linux": {
                    "type": "openstack_compute_keypair_v2",
                    "depends_on": [],
                    "primary": {
                        "id": "vbox_linux",
                        "attributes": {
                            "id": "vbox_linux",
                            "name": "vbox_linux",
                            "public_key": "ssh-rsa AAAAB3NzaC1yc2EAAAADAQABAAABAQDHKMdSP2cwM2EmRmqBQtyo8ZP7LwtQ4HjMDCh1p9b6HDLfsL5mW16UzclhexUiTnI++SISmlsTpvlWrz9c3zIJaXu2yT1ADnsctAoYZV1/j/K1JcwE9qGcYdi0mAfETXc7k/p1fBCP/LQwrkP0BUE4+Tu1g+3ZkY3WCZra77f5ucAUI+zvvyCGs96PTyNdKPVHDqOrUxxfNNQS7b9HXWNrmne3gRxGa/cXp9hvsNl/BLg+mC8f2vAZX7z7ebde7lAv7TaUjobaH33Mzo6I8l1uHHAaBs8C1+3kaP7kZvgLSFLC9pCtGGtsjHF/JDSBK2mkM1C8ZVIrpFOAJq44vQP5 laurent@undercity-ubuntu\n",
                            "region": "GRA1"
                        },
                        "meta": {},
                        "tainted": false
                    },
                    "deposed": [],
                    "provider": "provider.openstack"
                },
                "openstack_compute_volume_attach_v2.attach_nextcloud_data": {
                    "type": "openstack_compute_volume_attach_v2",
                    "depends_on": [
                        "openstack_blockstorage_volume_v2.nextcloud_data",
                        "openstack_compute_instance_v2.nextcloud"
                    ],
                    "primary": {
                        "id": "6e7d3cfd-8649-40f4-85d0-bebd42a60548/eff4f199-ca6c-4405-aa62-fe45cd2dae50",
                        "attributes": {
                            "device": "/dev/sdb",
                            "id": "6e7d3cfd-8649-40f4-85d0-bebd42a60548/eff4f199-ca6c-4405-aa62-fe45cd2dae50",
                            "instance_id": "6e7d3cfd-8649-40f4-85d0-bebd42a60548",
                            "region": "GRA1",
                            "volume_id": "eff4f199-ca6c-4405-aa62-fe45cd2dae50"
                        },
                        "meta": {
                            "e2bfb730-ecaa-11e6-8f88-34363bc7c4c0": {
                                "create": 600000000000,
                                "delete": 600000000000
                            }
                        },
                        "tainted": false
                    },
                    "deposed": [],
                    "provider": "provider.openstack"
                }
            },
            "depends_on": []
        }
    ]
}
